// !$*UTF8*$!
{
	archiveVersion = 1;
	classes = {
	};
	objectVersion = 50;
	objects = {

/* Begin PBXBuildFile section */
		D1B8BDE32304C7A6009A454C /* AppDelegate.swift in Sources */ = {isa = PBXBuildFile; fileRef = D1B8BDE22304C7A6009A454C /* AppDelegate.swift */; };
		D1B8BDE52304C7A6009A454C /* ViewController.swift in Sources */ = {isa = PBXBuildFile; fileRef = D1B8BDE42304C7A6009A454C /* ViewController.swift */; };
		D1B8BDE82304C7A6009A454C /* Main.storyboard in Resources */ = {isa = PBXBuildFile; fileRef = D1B8BDE62304C7A6009A454C /* Main.storyboard */; };
		D1B8BDEB2304C7A6009A454C /* Secure_Notes.xcdatamodeld in Sources */ = {isa = PBXBuildFile; fileRef = D1B8BDE92304C7A6009A454C /* Secure_Notes.xcdatamodeld */; };
		D1B8BDED2304C7A6009A454C /* Assets.xcassets in Resources */ = {isa = PBXBuildFile; fileRef = D1B8BDEC2304C7A6009A454C /* Assets.xcassets */; };
		D1B8BDF02304C7A6009A454C /* LaunchScreen.storyboard in Resources */ = {isa = PBXBuildFile; fileRef = D1B8BDEE2304C7A6009A454C /* LaunchScreen.storyboard */; };
/* End PBXBuildFile section */

/* Begin PBXFileReference section */
		D1B8BDDF2304C7A6009A454C /* Secure Notes.app */ = {isa = PBXFileReference; explicitFileType = wrapper.application; includeInIndex = 0; path = "Secure Notes.app"; sourceTree = BUILT_PRODUCTS_DIR; };
		D1B8BDE22304C7A6009A454C /* AppDelegate.swift */ = {isa = PBXFileReference; lastKnownFileType = sourcecode.swift; path = AppDelegate.swift; sourceTree = "<group>"; };
		D1B8BDE42304C7A6009A454C /* ViewController.swift */ = {isa = PBXFileReference; lastKnownFileType = sourcecode.swift; path = ViewController.swift; sourceTree = "<group>"; };
		D1B8BDE72304C7A6009A454C /* Base */ = {isa = PBXFileReference; lastKnownFileType = file.storyboard; name = Base; path = Base.lproj/Main.storyboard; sourceTree = "<group>"; };
		D1B8BDEA2304C7A6009A454C /* Secure_Notes.xcdatamodel */ = {isa = PBXFileReference; lastKnownFileType = wrapper.xcdatamodel; path = Secure_Notes.xcdatamodel; sourceTree = "<group>"; };
		D1B8BDEC2304C7A6009A454C /* Assets.xcassets */ = {isa = PBXFileReference; lastKnownFileType = folder.assetcatalog; path = Assets.xcassets; sourceTree = "<group>"; };
		D1B8BDEF2304C7A6009A454C /* Base */ = {isa = PBXFileReference; lastKnownFileType = file.storyboard; name = Base; path = Base.lproj/LaunchScreen.storyboard; sourceTree = "<group>"; };
		D1B8BDF12304C7A6009A454C /* Info.plist */ = {isa = PBXFileReference; lastKnownFileType = text.plist.xml; path = Info.plist; sourceTree = "<group>"; };
/* End PBXFileReference section */

/* Begin PBXFrameworksBuildPhase section */
		D1B8BDDC2304C7A5009A454C /* Frameworks */ = {
			isa = PBXFrameworksBuildPhase;
			buildActionMask = 2147483647;
			files = (
			);
			runOnlyForDeploymentPostprocessing = 0;
		};
/* End PBXFrameworksBuildPhase section */

/* Begin PBXGroup section */
		D1B8BDD62304C7A5009A454C = {
			isa = PBXGroup;
			children = (
				D1B8BDE12304C7A6009A454C /* Secure Notes */,
				D1B8BDE02304C7A6009A454C /* Products */,
			);
			sourceTree = "<group>";
		};
		D1B8BDE02304C7A6009A454C /* Products */ = {
			isa = PBXGroup;
			children = (
				D1B8BDDF2304C7A6009A454C /* Secure Notes.app */,
			);
			name = Products;
			sourceTree = "<group>";
		};
		D1B8BDE12304C7A6009A454C /* Secure Notes */ = {
			isa = PBXGroup;
			children = (
				D1B8BDE22304C7A6009A454C /* AppDelegate.swift */,
				D1B8BDE42304C7A6009A454C /* ViewController.swift */,
				D1B8BDE62304C7A6009A454C /* Main.storyboard */,
				D1B8BDEC2304C7A6009A454C /* Assets.xcassets */,
				D1B8BDEE2304C7A6009A454C /* LaunchScreen.storyboard */,
				D1B8BDF12304C7A6009A454C /* Info.plist */,
				D1B8BDE92304C7A6009A454C /* Secure_Notes.xcdatamodeld */,
			);
			path = "Secure Notes";
			sourceTree = "<group>";
		};
/* End PBXGroup section */

/* Begin PBXNativeTarget section */
		D1B8BDDE2304C7A5009A454C /* Secure Notes */ = {
			isa = PBXNativeTarget;
			buildConfigurationList = D1B8BDF42304C7A6009A454C /* Build configuration list for PBXNativeTarget "Secure Notes" */;
			buildPhases = (
				D1B8BDDB2304C7A5009A454C /* Sources */,
				D1B8BDDC2304C7A5009A454C /* Frameworks */,
				D1B8BDDD2304C7A5009A454C /* Resources */,
			);
			buildRules = (
			);
			dependencies = (
			);
			name = "Secure Notes";
			productName = "Secure Notes";
			productReference = D1B8BDDF2304C7A6009A454C /* Secure Notes.app */;
			productType = "com.apple.product-type.application";
		};
/* End PBXNativeTarget section */

/* Begin PBXProject section */
		D1B8BDD72304C7A5009A454C /* Project object */ = {
			isa = PBXProject;
			attributes = {
				LastSwiftUpdateCheck = 1020;
				LastUpgradeCheck = 1020;
				ORGANIZATIONNAME = "Mohamed Kotb";
				TargetAttributes = {
					D1B8BDDE2304C7A5009A454C = {
						CreatedOnToolsVersion = 10.2.1;
					};
				};
			};
			buildConfigurationList = D1B8BDDA2304C7A5009A454C /* Build configuration list for PBXProject "Secure Notes" */;
			compatibilityVersion = "Xcode 9.3";
			developmentRegion = en;
			hasScannedForEncodings = 0;
			knownRegions = (
				en,
				Base,
			);
			mainGroup = D1B8BDD62304C7A5009A454C;
			productRefGroup = D1B8BDE02304C7A6009A454C /* Products */;
			projectDirPath = "";
			projectRoot = "";
			targets = (
				D1B8BDDE2304C7A5009A454C /* Secure Notes */,
			);
		};
/* End PBXProject section */

/* Begin PBXResourcesBuildPhase section */
		D1B8BDDD2304C7A5009A454C /* Resources */ = {
			isa = PBXResourcesBuildPhase;
			buildActionMask = 2147483647;
			files = (
				D1B8BDF02304C7A6009A454C /* LaunchScreen.storyboard in Resources */,
				D1B8BDED2304C7A6009A454C /* Assets.xcassets in Resources */,
				D1B8BDE82304C7A6009A454C /* Main.storyboard in Resources */,
			);
			runOnlyForDeploymentPostprocessing = 0;
		};
/* End PBXResourcesBuildPhase section */

/* Begin PBXSourcesBuildPhase section */
		D1B8BDDB2304C7A5009A454C /* Sources */ = {
			isa = PBXSourcesBuildPhase;
			buildActionMask = 2147483647;
			files = (
				D1B8BDE52304C7A6009A454C /* ViewController.swift in Sources */,
				D1B8BDE32304C7A6009A454C /* AppDelegate.swift in Sources */,
				D1B8BDEB2304C7A6009A454C /* Secure_Notes.xcdatamodeld in Sources */,
			);
			runOnlyForDeploymentPostprocessing = 0;
		};
/* End PBXSourcesBuildPhase section */

/* Begin PBXVariantGroup section */
		D1B8BDE62304C7A6009A454C /* Main.storyboard */ = {
			isa = PBXVariantGroup;
			children = (
				D1B8BDE72304C7A6009A454C /* Base */,
			);
			name = Main.storyboard;
			sourceTree = "<group>";
		};
		D1B8BDEE2304C7A6009A454C /* LaunchScreen.storyboard */ = {
			isa = PBXVariantGroup;
			children = (
				D1B8BDEF2304C7A6009A454C /* Base */,
			);
			name = LaunchScreen.storyboard;
			sourceTree = "<group>";
		};
/* End PBXVariantGroup section */

/* Begin XCBuildConfiguration section */
		D1B8BDF22304C7A6009A454C /* Debug */ = {
			isa = XCBuildConfiguration;
			buildSettings = {
				ALWAYS_SEARCH_USER_PATHS = NO;
				CLANG_ANALYZER_NONNULL = YES;
				CLANG_ANALYZER_NUMBER_OBJECT_CONVERSION = YES_AGGRESSIVE;
				CLANG_CXX_LANGUAGE_STANDARD = "gnu++14";
				CLANG_CXX_LIBRARY = "libc++";
				CLANG_ENABLE_MODULES = YES;
				CLANG_ENABLE_OBJC_ARC = YES;
				CLANG_ENABLE_OBJC_WEAK = YES;
				CLANG_WARN_BLOCK_CAPTURE_AUTORELEASING = YES;
				CLANG_WARN_BOOL_CONVERSION = YES;
				CLANG_WARN_COMMA = YES;
				CLANG_WARN_CONSTANT_CONVERSION = YES;
				CLANG_WARN_DEPRECATED_OBJC_IMPLEMENTATIONS = YES;
				CLANG_WARN_DIRECT_OBJC_ISA_USAGE = YES_ERROR;
				CLANG_WARN_DOCUMENTATION_COMMENTS = YES;
				CLANG_WARN_EMPTY_BODY = YES;
				CLANG_WARN_ENUM_CONVERSION = YES;
				CLANG_WARN_INFINITE_RECURSION = YES;
				CLANG_WARN_INT_CONVERSION = YES;
				CLANG_WARN_NON_LITERAL_NULL_CONVERSION = YES;
				CLANG_WARN_OBJC_IMPLICIT_RETAIN_SELF = YES;
				CLANG_WARN_OBJC_LITERAL_CONVERSION = YES;
				CLANG_WARN_OBJC_ROOT_CLASS = YES_ERROR;
				CLANG_WARN_RANGE_LOOP_ANALYSIS = YES;
				CLANG_WARN_STRICT_PROTOTYPES = YES;
				CLANG_WARN_SUSPICIOUS_MOVE = YES;
				CLANG_WARN_UNGUARDED_AVAILABILITY = YES_AGGRESSIVE;
				CLANG_WARN_UNREACHABLE_CODE = YES;
				CLANG_WARN__DUPLICATE_METHOD_MATCH = YES;
				CODE_SIGN_IDENTITY = "iPhone Developer";
				COPY_PHASE_STRIP = NO;
				DEBUG_INFORMATION_FORMAT = dwarf;
				ENABLE_STRICT_OBJC_MSGSEND = YES;
				ENABLE_TESTABILITY = YES;
				GCC_C_LANGUAGE_STANDARD = gnu11;
				GCC_DYNAMIC_NO_PIC = NO;
				GCC_NO_COMMON_BLOCKS = YES;
				GCC_OPTIMIZATION_LEVEL = 0;
				GCC_PREPROCESSOR_DEFINITIONS = (
					"DEBUG=1",
					"$(inherited)",
				);
				GCC_WARN_64_TO_32_BIT_CONVERSION = YES;
				GCC_WARN_ABOUT_RETURN_TYPE = YES_ERROR;
				GCC_WARN_UNDECLARED_SELECTOR = YES;
				GCC_WARN_UNINITIALIZED_AUTOS = YES_AGGRESSIVE;
				GCC_WARN_UNUSED_FUNCTION = YES;
				GCC_WARN_UNUSED_VARIABLE = YES;
				IPHONEOS_DEPLOYMENT_TARGET = 12.2;
				MTL_ENABLE_DEBUG_INFO = INCLUDE_SOURCE;
				MTL_FAST_MATH = YES;
				ONLY_ACTIVE_ARCH = YES;
				SDKROOT = iphoneos;
				SWIFT_ACTIVE_COMPILATION_CONDITIONS = DEBUG;
				SWIFT_OPTIMIZATION_LEVEL = "-Onone";
			};
			name = Debug;
		};
		D1B8BDF32304C7A6009A454C /* Release */ = {
			isa = XCBuildConfiguration;
			buildSettings = {
				ALWAYS_SEARCH_USER_PATHS = NO;
				CLANG_ANALYZER_NONNULL = YES;
				CLANG_ANALYZER_NUMBER_OBJECT_CONVERSION = YES_AGGRESSIVE;
				CLANG_CXX_LANGUAGE_STANDARD = "gnu++14";
				CLANG_CXX_LIBRARY = "libc++";
				CLANG_ENABLE_MODULES = YES;
				CLANG_ENABLE_OBJC_ARC = YES;
				CLANG_ENABLE_OBJC_WEAK = YES;
				CLANG_WARN_BLOCK_CAPTURE_AUTORELEASING = YES;
				CLANG_WARN_BOOL_CONVERSION = YES;
				CLANG_WARN_COMMA = YES;
				CLANG_WARN_CONSTANT_CONVERSION = YES;
				CLANG_WARN_DEPRECATED_OBJC_IMPLEMENTATIONS = YES;
				CLANG_WARN_DIRECT_OBJC_ISA_USAGE = YES_ERROR;
				CLANG_WARN_DOCUMENTATION_COMMENTS = YES;
				CLANG_WARN_EMPTY_BODY = YES;
				CLANG_WARN_ENUM_CONVERSION = YES;
				CLANG_WARN_INFINITE_RECURSION = YES;
				CLANG_WARN_INT_CONVERSION = YES;
				CLANG_WARN_NON_LITERAL_NULL_CONVERSION = YES;
				CLANG_WARN_OBJC_IMPLICIT_RETAIN_SELF = YES;
				CLANG_WARN_OBJC_LITERAL_CONVERSION = YES;
				CLANG_WARN_OBJC_ROOT_CLASS = YES_ERROR;
				CLANG_WARN_RANGE_LOOP_ANALYSIS = YES;
				CLANG_WARN_STRICT_PROTOTYPES = YES;
				CLANG_WARN_SUSPICIOUS_MOVE = YES;
				CLANG_WARN_UNGUARDED_AVAILABILITY = YES_AGGRESSIVE;
				CLANG_WARN_UNREACHABLE_CODE = YES;
				CLANG_WARN__DUPLICATE_METHOD_MATCH = YES;
				CODE_SIGN_IDENTITY = "iPhone Developer";
				COPY_PHASE_STRIP = NO;
				DEBUG_INFORMATION_FORMAT = "dwarf-with-dsym";
				ENABLE_NS_ASSERTIONS = NO;
				ENABLE_STRICT_OBJC_MSGSEND = YES;
				GCC_C_LANGUAGE_STANDARD = gnu11;
				GCC_NO_COMMON_BLOCKS = YES;
				GCC_WARN_64_TO_32_BIT_CONVERSION = YES;
				GCC_WARN_ABOUT_RETURN_TYPE = YES_ERROR;
				GCC_WARN_UNDECLARED_SELECTOR = YES;
				GCC_WARN_UNINITIALIZED_AUTOS = YES_AGGRESSIVE;
				GCC_WARN_UNUSED_FUNCTION = YES;
				GCC_WARN_UNUSED_VARIABLE = YES;
				IPHONEOS_DEPLOYMENT_TARGET = 12.2;
				MTL_ENABLE_DEBUG_INFO = NO;
				MTL_FAST_MATH = YES;
				SDKROOT = iphoneos;
				SWIFT_COMPILATION_MODE = wholemodule;
				SWIFT_OPTIMIZATION_LEVEL = "-O";
				VALIDATE_PRODUCT = YES;
			};
			name = Release;
		};
		D1B8BDF52304C7A6009A454C /* Debug */ = {
			isa = XCBuildConfiguration;
			buildSettings = {
				ASSETCATALOG_COMPILER_APPICON_NAME = AppIcon;
				CODE_SIGN_STYLE = Automatic;
				DEVELOPMENT_TEAM = KC7AXFA778;
				INFOPLIST_FILE = "Secure Notes/Info.plist";
				LD_RUNPATH_SEARCH_PATHS = (
					"$(inherited)",
					"@executable_path/Frameworks",
				);
				PRODUCT_BUNDLE_IDENTIFIER = "com.Kotb.Secure-Notes";
				PRODUCT_NAME = "$(TARGET_NAME)";
				SWIFT_VERSION = 5.0;
				TARGETED_DEVICE_FAMILY = "1,2";
			};
			name = Debug;
		};
		D1B8BDF62304C7A6009A454C /* Release */ = {
			isa = XCBuildConfiguration;
			buildSettings = {
				ASSETCATALOG_COMPILER_APPICON_NAME = AppIcon;
				CODE_SIGN_STYLE = Automatic;
				DEVELOPMENT_TEAM = KC7AXFA778;
				INFOPLIST_FILE = "Secure Notes/Info.plist";
				LD_RUNPATH_SEARCH_PATHS = (
					"$(inherited)",
					"@executable_path/Frameworks",
				);
				PRODUCT_BUNDLE_IDENTIFIER = "com.Kotb.Secure-Notes";
				PRODUCT_NAME = "$(TARGET_NAME)";
				SWIFT_VERSION = 5.0;
				TARGETED_DEVICE_FAMILY = "1,2";
			};
			name = Release;
		};
/* End XCBuildConfiguration section */

/* Begin XCConfigurationList section */
		D1B8BDDA2304C7A5009A454C /* Build configuration list for PBXProject "Secure Notes" */ = {
			isa = XCConfigurationList;
			buildConfigurations = (
				D1B8BDF22304C7A6009A454C /* Debug */,
				D1B8BDF32304C7A6009A454C /* Release */,
			);
			defaultConfigurationIsVisible = 0;
			defaultConfigurationName = Release;
		};
		D1B8BDF42304C7A6009A454C /* Build configuration list for PBXNativeTarget "Secure Notes" */ = {
			isa = XCConfigurationList;
			buildConfigurations = (
				D1B8BDF52304C7A6009A454C /* Debug */,
				D1B8BDF62304C7A6009A454C /* Release */,
			);
			defaultConfigurationIsVisible = 0;
			defaultConfigurationName = Release;
		};
/* End XCConfigurationList section */

/* Begin XCVersionGroup section */
		D1B8BDE92304C7A6009A454C /* Secure_Notes.xcdatamodeld */ = {
			isa = XCVersionGroup;
			children = (
				D1B8BDEA2304C7A6009A454C /* Secure_Notes.xcdatamodel */,
			);
			currentVersion = D1B8BDEA2304C7A6009A454C /* Secure_Notes.xcdatamodel */;
			path = Secure_Notes.xcdatamodeld;
			sourceTree = "<group>";
			versionGroupType = wrapper.xcdatamodel;
		};
/* End XCVersionGroup section */
	};
	rootObject = D1B8BDD72304C7A5009A454C /* Project object */;
}
